{
  "name": "@kanecta/mcp",
  "version": "1.0.0",
  "lockfileVersion": 3,
  "requires": true,
  "packages": {
    "": {
      "name": "@kanecta/mcp",
      "version": "1.0.0",
      "license": "MIT",
      "dependencies": {
        "@kanecta/lib": "^1.0.0"
      },
      "bin": {
        "kanecta-mcp": "src/index.js"
      },
      "engines": {
        "node": ">=18.0.0"
      }
    },
    "node_modules/@kanecta/lib": {
      "version": "1.0.0",
      "resolved": "https://registry.npmjs.org/@kanecta/lib/-/lib-1.0.0.tgz",
      "integrity": "sha512-qjvLa3rOLowq86xYJzx44fWvEd5FcekoFfjEWFOEPG+E7Jfgn0ATG+gM+0NjawQSlABy0XBgFMKlV4iYoffMdg==",
      "license": "MIT",
      "engines": {
        "node": ">=18.0.0"
      }
    }
  }
}
