{
  "name": "kanecta",
  "version": "1.0.2",
  "lockfileVersion": 3,
  "requires": true,
  "packages": {
    "": {
      "name": "kanecta",
      "version": "1.0.2",
      "license": "MIT",
      "dependencies": {
        "kanecta-cli": "file:../kanecta-cli"
      },
      "bin": {
        "kanecta": "index.js"
      },
      "engines": {
        "node": ">=18.0.0"
      }
    },
    "../kanecta-cli": {
      "version": "1.0.0",
      "bin": {
        "kanecta-cli": "index.js"
      },
      "engines": {
        "node": ">=18.0.0"
      }
    },
    "node_modules/kanecta-cli": {
      "resolved": "../kanecta-cli",
      "link": true
    }
  }
}
