{
  "name": "@kanecta/cli",
  "version": "1.0.3",
  "lockfileVersion": 3,
  "requires": true,
  "packages": {
    "": {
      "name": "@kanecta/cli",
      "version": "1.0.3",
      "dependencies": {
        "@kanecta/lib": "file:../kanecta-lib"
      },
      "bin": {
        "kanecta-cli": "index.js"
      },
      "engines": {
        "node": ">=18.0.0"
      }
    },
    "../kanecta-lib": {
      "name": "@kanecta/lib",
      "version": "1.0.0",
      "license": "MIT",
      "devDependencies": {
        "jest": "^29.7.0"
      },
      "engines": {
        "node": ">=18.0.0"
      }
    },
    "node_modules/@kanecta/lib": {
      "resolved": "../kanecta-lib",
      "link": true
    }
  }
}
